
Microsoft Visual Studio Solution File, Format Version 11.00
# Visual Studio 2010
Project("{FAE04EC0-301F-11D3-BF4B-00C04F79EFBC}") = "DarkChronicleClock", "DarkChronicleClock\DarkChronicleClock.csproj", "{40E0B8FC-BE15-41B1-99C3-D2ECB1434882}"
EndProject
Project("{FAE04EC0-301F-11D3-BF4B-00C04F79EFBC}") = "DarkChronicleClockWPF", "DarkChronicleClockWPF\DarkChronicleClockWPF.csproj", "{953409F8-2840-4C33-A5C4-DC4D33CCD618}"
EndProject
Global
	GlobalSection(SolutionConfigurationPlatforms) = preSolution
		Debug|x86 = Debug|x86
		Release|x86 = Release|x86
	EndGlobalSection
	GlobalSection(ProjectConfigurationPlatforms) = postSolution
		{40E0B8FC-BE15-41B1-99C3-D2ECB1434882}.Debug|x86.ActiveCfg = Debug|x86
		{40E0B8FC-BE15-41B1-99C3-D2ECB1434882}.Debug|x86.Build.0 = Debug|x86
		{40E0B8FC-BE15-41B1-99C3-D2ECB1434882}.Release|x86.ActiveCfg = Release|x86
		{40E0B8FC-BE15-41B1-99C3-D2ECB1434882}.Release|x86.Build.0 = Release|x86
		{953409F8-2840-4C33-A5C4-DC4D33CCD618}.Debug|x86.ActiveCfg = Debug|x86
		{953409F8-2840-4C33-A5C4-DC4D33CCD618}.Debug|x86.Build.0 = Debug|x86
		{953409F8-2840-4C33-A5C4-DC4D33CCD618}.Release|x86.ActiveCfg = Release|x86
		{953409F8-2840-4C33-A5C4-DC4D33CCD618}.Release|x86.Build.0 = Release|x86
	EndGlobalSection
	GlobalSection(SolutionProperties) = preSolution
		HideSolutionNode = FALSE
	EndGlobalSection
EndGlobal
